
Microsoft Visual Studio Solution File, Format Version 12.00
# Visual Studio Version 17
VisualStudioVersion = 17.11.35222.181
MinimumVisualStudioVersion = 10.0.40219.1
Project("{A07B5EB6-E848-4116-A8D0-A826331D98C6}") = "Backend App", "Backend App\Backend App.sfproj", "{2F3548A3-8E70-4BBD-BFDE-61232C8E3619}"
EndProject
Project("{FAE04EC0-301F-11D3-BF4B-00C04F79EFBC}") = "UserServiceStateful", "UserServiceStateful\UserServiceStateful.csproj", "{95202315-0A1F-4A42-8FCF-9442F28BF59D}"
EndProject
Project("{FAE04EC0-301F-11D3-BF4B-00C04F79EFBC}") = "Common", "Common\Common.csproj", "{BC7B8130-4810-4CBE-926E-86CA2DC58B8E}"
EndProject
Project("{FAE04EC0-301F-11D3-BF4B-00C04F79EFBC}") = "RideServiceStateless", "RideServiceStateless\RideServiceStateless.csproj", "{511BF88A-603A-4691-93FB-E69461348C73}"
EndProject
Global
	GlobalSection(SolutionConfigurationPlatforms) = preSolution
		Debug|Any CPU = Debug|Any CPU
		Debug|x64 = Debug|x64
		Release|Any CPU = Release|Any CPU
		Release|x64 = Release|x64
	EndGlobalSection
	GlobalSection(ProjectConfigurationPlatforms) = postSolution
		{2F3548A3-8E70-4BBD-BFDE-61232C8E3619}.Debug|Any CPU.ActiveCfg = Debug|x64
		{2F3548A3-8E70-4BBD-BFDE-61232C8E3619}.Debug|Any CPU.Build.0 = Debug|x64
		{2F3548A3-8E70-4BBD-BFDE-61232C8E3619}.Debug|Any CPU.Deploy.0 = Debug|x64
		{2F3548A3-8E70-4BBD-BFDE-61232C8E3619}.Debug|x64.ActiveCfg = Debug|x64
		{2F3548A3-8E70-4BBD-BFDE-61232C8E3619}.Debug|x64.Build.0 = Debug|x64
		{2F3548A3-8E70-4BBD-BFDE-61232C8E3619}.Debug|x64.Deploy.0 = Debug|x64
		{2F3548A3-8E70-4BBD-BFDE-61232C8E3619}.Release|Any CPU.ActiveCfg = Release|x64
		{2F3548A3-8E70-4BBD-BFDE-61232C8E3619}.Release|Any CPU.Build.0 = Release|x64
		{2F3548A3-8E70-4BBD-BFDE-61232C8E3619}.Release|Any CPU.Deploy.0 = Release|x64
		{2F3548A3-8E70-4BBD-BFDE-61232C8E3619}.Release|x64.ActiveCfg = Release|x64
		{2F3548A3-8E70-4BBD-BFDE-61232C8E3619}.Release|x64.Build.0 = Release|x64
		{2F3548A3-8E70-4BBD-BFDE-61232C8E3619}.Release|x64.Deploy.0 = Release|x64
		{95202315-0A1F-4A42-8FCF-9442F28BF59D}.Debug|Any CPU.ActiveCfg = Debug|Any CPU
		{95202315-0A1F-4A42-8FCF-9442F28BF59D}.Debug|Any CPU.Build.0 = Debug|Any CPU
		{95202315-0A1F-4A42-8FCF-9442F28BF59D}.Debug|x64.ActiveCfg = Debug|Any CPU
		{95202315-0A1F-4A42-8FCF-9442F28BF59D}.Debug|x64.Build.0 = Debug|Any CPU
		{95202315-0A1F-4A42-8FCF-9442F28BF59D}.Release|Any CPU.ActiveCfg = Release|Any CPU
		{95202315-0A1F-4A42-8FCF-9442F28BF59D}.Release|Any CPU.Build.0 = Release|Any CPU
		{95202315-0A1F-4A42-8FCF-9442F28BF59D}.Release|x64.ActiveCfg = Release|Any CPU
		{95202315-0A1F-4A42-8FCF-9442F28BF59D}.Release|x64.Build.0 = Release|Any CPU
		{BC7B8130-4810-4CBE-926E-86CA2DC58B8E}.Debug|Any CPU.ActiveCfg = Debug|Any CPU
		{BC7B8130-4810-4CBE-926E-86CA2DC58B8E}.Debug|Any CPU.Build.0 = Debug|Any CPU
		{BC7B8130-4810-4CBE-926E-86CA2DC58B8E}.Debug|x64.ActiveCfg = Debug|Any CPU
		{BC7B8130-4810-4CBE-926E-86CA2DC58B8E}.Debug|x64.Build.0 = Debug|Any CPU
		{BC7B8130-4810-4CBE-926E-86CA2DC58B8E}.Release|Any CPU.ActiveCfg = Release|Any CPU
		{BC7B8130-4810-4CBE-926E-86CA2DC58B8E}.Release|Any CPU.Build.0 = Release|Any CPU
		{BC7B8130-4810-4CBE-926E-86CA2DC58B8E}.Release|x64.ActiveCfg = Release|Any CPU
		{BC7B8130-4810-4CBE-926E-86CA2DC58B8E}.Release|x64.Build.0 = Release|Any CPU
		{511BF88A-603A-4691-93FB-E69461348C73}.Debug|Any CPU.ActiveCfg = Debug|Any CPU
		{511BF88A-603A-4691-93FB-E69461348C73}.Debug|Any CPU.Build.0 = Debug|Any CPU
		{511BF88A-603A-4691-93FB-E69461348C73}.Debug|x64.ActiveCfg = Debug|Any CPU
		{511BF88A-603A-4691-93FB-E69461348C73}.Debug|x64.Build.0 = Debug|Any CPU
		{511BF88A-603A-4691-93FB-E69461348C73}.Release|Any CPU.ActiveCfg = Release|Any CPU
		{511BF88A-603A-4691-93FB-E69461348C73}.Release|Any CPU.Build.0 = Release|Any CPU
		{511BF88A-603A-4691-93FB-E69461348C73}.Release|x64.ActiveCfg = Release|Any CPU
		{511BF88A-603A-4691-93FB-E69461348C73}.Release|x64.Build.0 = Release|Any CPU
	EndGlobalSection
	GlobalSection(SolutionProperties) = preSolution
		HideSolutionNode = FALSE
	EndGlobalSection
	GlobalSection(ExtensibilityGlobals) = postSolution
		SolutionGuid = {C1731CC1-1CE3-490E-B4FD-3947B7B2F7FF}
	EndGlobalSection
EndGlobal
